// !$*UTF8*$!
{
	archiveVersion = 1;
	classes = {
	};
	objectVersion = 46;
	objects = {

/* Begin PBXBuildFile section */
		221F36A51E9834500036F3C1 /* main.m in Sources */ = {isa = PBXBuildFile; fileRef = 221F36A41E9834500036F3C1 /* main.m */; };
		221F36A81E9834500036F3C1 /* AppDelegate.m in Sources */ = {isa = PBXBuildFile; fileRef = 221F36A71E9834500036F3C1 /* AppDelegate.m */; };
		221F36AB1E9834500036F3C1 /* ViewController.mm in Sources */ = {isa = PBXBuildFile; fileRef = 221F36AA1E9834500036F3C1 /* ViewController.mm */; };
		221F36AE1E9834500036F3C1 /* Main.storyboard in Resources */ = {isa = PBXBuildFile; fileRef = 221F36AC1E9834500036F3C1 /* Main.storyboard */; };
		221F36B01E9834500036F3C1 /* Assets.xcassets in Resources */ = {isa = PBXBuildFile; fileRef = 221F36AF1E9834500036F3C1 /* Assets.xcassets */; };
		221F36B31E9834500036F3C1 /* LaunchScreen.storyboard in Resources */ = {isa = PBXBuildFile; fileRef = 221F36B11E9834500036F3C1 /* LaunchScreen.storyboard */; };
		221F36BE1E9834500036F3C1 /* Virtual_TumblerTests.m in Sources */ = {isa = PBXBuildFile; fileRef = 221F36BD1E9834500036F3C1 /* Virtual_TumblerTests.m */; };
		221F36C91E9834500036F3C1 /* Virtual_TumblerUITests.m in Sources */ = {isa = PBXBuildFile; fileRef = 221F36C81E9834500036F3C1 /* Virtual_TumblerUITests.m */; };
		221F36D81E9835220036F3C1 /* AVFoundation.framework in Frameworks */ = {isa = PBXBuildFile; fileRef = 221F36D71E9835220036F3C1 /* AVFoundation.framework */; };
		221F36DA1E9835650036F3C1 /* opencv2.framework in Frameworks */ = {isa = PBXBuildFile; fileRef = 221F36D91E9835650036F3C1 /* opencv2.framework */; };
		221F36DC1E9835710036F3C1 /* Accelerate.framework in Frameworks */ = {isa = PBXBuildFile; fileRef = 221F36DB1E9835710036F3C1 /* Accelerate.framework */; };
		221F36E41E984F1D0036F3C1 /* GPUImage.framework in Frameworks */ = {isa = PBXBuildFile; fileRef = 221F36E31E984F1D0036F3C1 /* GPUImage.framework */; };
		221F36EC1E986B960036F3C1 /* QuartzCore.framework in Frameworks */ = {isa = PBXBuildFile; fileRef = 221F36EB1E986B960036F3C1 /* QuartzCore.framework */; };
		221F36EE1E98934D0036F3C1 /* OpenGLES.framework in Frameworks */ = {isa = PBXBuildFile; fileRef = 221F36ED1E98934C0036F3C1 /* OpenGLES.framework */; };
		221F36F21E991DE80036F3C1 /* image_test_1card.jpg in Resources */ = {isa = PBXBuildFile; fileRef = 221F36EF1E991DE80036F3C1 /* image_test_1card.jpg */; };
		221F36F31E991DE80036F3C1 /* image_test_3cards.jpg in Resources */ = {isa = PBXBuildFile; fileRef = 221F36F01E991DE80036F3C1 /* image_test_3cards.jpg */; };
		221F36F41E991DE80036F3C1 /* image_test_many.jpg in Resources */ = {isa = PBXBuildFile; fileRef = 221F36F11E991DE80036F3C1 /* image_test_many.jpg */; };
		221F36F61E991F440036F3C1 /* image_test_3cards_dark.jpg in Resources */ = {isa = PBXBuildFile; fileRef = 221F36F51E991F440036F3C1 /* image_test_3cards_dark.jpg */; };
		221F37761E9949110036F3C1 /* HSV_filter.fsh in Resources */ = {isa = PBXBuildFile; fileRef = 221F37751E9949110036F3C1 /* HSV_filter.fsh */; };
		223AAD671EAA451000C20EB9 /* image_test_4cards.jpg in Resources */ = {isa = PBXBuildFile; fileRef = 223AAD661EAA451000C20EB9 /* image_test_4cards.jpg */; };
		223AAD6A1EAA97F700C20EB9 /* cardTracking.cpp in Sources */ = {isa = PBXBuildFile; fileRef = 223AAD681EAA97F700C20EB9 /* cardTracking.cpp */; };
		22791DE21E9AB08B0004EF97 /* AssetsLibrary.framework in Frameworks */ = {isa = PBXBuildFile; fileRef = 22791DE11E9AB08B0004EF97 /* AssetsLibrary.framework */; };
		22A2366B1EA5BEE3002CEB16 /* 3cards_half.jpg in Resources */ = {isa = PBXBuildFile; fileRef = 22A236691EA5BEE3002CEB16 /* 3cards_half.jpg */; };
		22A2366C1EA5BEE3002CEB16 /* 3cards_with_hand.jpg in Resources */ = {isa = PBXBuildFile; fileRef = 22A2366A1EA5BEE3002CEB16 /* 3cards_with_hand.jpg */; };
		22AF555A1EA07B0800545402 /* armadillo in Resources */ = {isa = PBXBuildFile; fileRef = 22AF55581EA07B0800545402 /* armadillo */; };
		22AF555B1EA07B0800545402 /* armadillo_bits in Resources */ = {isa = PBXBuildFile; fileRef = 22AF55591EA07B0800545402 /* armadillo_bits */; };
		22AF555D1EA0800100545402 /* CoreMedia.framework in Frameworks */ = {isa = PBXBuildFile; fileRef = 22AF555C1EA0800100545402 /* CoreMedia.framework */; };
		22AF55601EA111E100545402 /* cardRecognition.cpp in Sources */ = {isa = PBXBuildFile; fileRef = 22AF555E1EA111E100545402 /* cardRecognition.cpp */; };
/* End PBXBuildFile section */

/* Begin PBXContainerItemProxy section */
		221F36BA1E9834500036F3C1 /* PBXContainerItemProxy */ = {
			isa = PBXContainerItemProxy;
			containerPortal = 221F36981E9834500036F3C1 /* Project object */;
			proxyType = 1;
			remoteGlobalIDString = 221F369F1E9834500036F3C1;
			remoteInfo = Virtual_Tumbler;
		};
		221F36C51E9834500036F3C1 /* PBXContainerItemProxy */ = {
			isa = PBXContainerItemProxy;
			containerPortal = 221F36981E9834500036F3C1 /* Project object */;
			proxyType = 1;
			remoteGlobalIDString = 221F369F1E9834500036F3C1;
			remoteInfo = Virtual_Tumbler;
		};
/* End PBXContainerItemProxy section */

/* Begin PBXFileReference section */
		221F36A01E9834500036F3C1 /* Virtual_Tumbler.app */ = {isa = PBXFileReference; explicitFileType = wrapper.application; includeInIndex = 0; path = Virtual_Tumbler.app; sourceTree = BUILT_PRODUCTS_DIR; };
		221F36A41E9834500036F3C1 /* main.m */ = {isa = PBXFileReference; lastKnownFileType = sourcecode.c.objc; path = main.m; sourceTree = "<group>"; };
		221F36A61E9834500036F3C1 /* AppDelegate.h */ = {isa = PBXFileReference; lastKnownFileType = sourcecode.c.h; path = AppDelegate.h; sourceTree = "<group>"; };
		221F36A71E9834500036F3C1 /* AppDelegate.m */ = {isa = PBXFileReference; lastKnownFileType = sourcecode.c.objc; path = AppDelegate.m; sourceTree = "<group>"; };
		221F36A91E9834500036F3C1 /* ViewController.h */ = {isa = PBXFileReference; lastKnownFileType = sourcecode.c.h; path = ViewController.h; sourceTree = "<group>"; };
		221F36AA1E9834500036F3C1 /* ViewController.mm */ = {isa = PBXFileReference; lastKnownFileType = sourcecode.cpp.objcpp; path = ViewController.mm; sourceTree = "<group>"; };
		221F36AD1E9834500036F3C1 /* Base */ = {isa = PBXFileReference; lastKnownFileType = file.storyboard; name = Base; path = Base.lproj/Main.storyboard; sourceTree = "<group>"; };
		221F36AF1E9834500036F3C1 /* Assets.xcassets */ = {isa = PBXFileReference; lastKnownFileType = folder.assetcatalog; path = Assets.xcassets; sourceTree = "<group>"; };
		221F36B21E9834500036F3C1 /* Base */ = {isa = PBXFileReference; lastKnownFileType = file.storyboard; name = Base; path = Base.lproj/LaunchScreen.storyboard; sourceTree = "<group>"; };
		221F36B41E9834500036F3C1 /* Info.plist */ = {isa = PBXFileReference; lastKnownFileType = text.plist.xml; path = Info.plist; sourceTree = "<group>"; };
		221F36B91E9834500036F3C1 /* Virtual_TumblerTests.xctest */ = {isa = PBXFileReference; explicitFileType = wrapper.cfbundle; includeInIndex = 0; path = Virtual_TumblerTests.xctest; sourceTree = BUILT_PRODUCTS_DIR; };
		221F36BD1E9834500036F3C1 /* Virtual_TumblerTests.m */ = {isa = PBXFileReference; lastKnownFileType = sourcecode.c.objc; path = Virtual_TumblerTests.m; sourceTree = "<group>"; };
		221F36BF1E9834500036F3C1 /* Info.plist */ = {isa = PBXFileReference; lastKnownFileType = text.plist.xml; path = Info.plist; sourceTree = "<group>"; };
		221F36C41E9834500036F3C1 /* Virtual_TumblerUITests.xctest */ = {isa = PBXFileReference; explicitFileType = wrapper.cfbundle; includeInIndex = 0; path = Virtual_TumblerUITests.xctest; sourceTree = BUILT_PRODUCTS_DIR; };
		221F36C81E9834500036F3C1 /* Virtual_TumblerUITests.m */ = {isa = PBXFileReference; lastKnownFileType = sourcecode.c.objc; path = Virtual_TumblerUITests.m; sourceTree = "<group>"; };
		221F36CA1E9834500036F3C1 /* Info.plist */ = {isa = PBXFileReference; lastKnownFileType = text.plist.xml; path = Info.plist; sourceTree = "<group>"; };
		221F36D71E9835220036F3C1 /* AVFoundation.framework */ = {isa = PBXFileReference; lastKnownFileType = wrapper.framework; name = AVFoundation.framework; path = System/Library/Frameworks/AVFoundation.framework; sourceTree = SDKROOT; };
		221F36D91E9835650036F3C1 /* opencv2.framework */ = {isa = PBXFileReference; lastKnownFileType = wrapper.framework; path = opencv2.framework; sourceTree = "<group>"; };
		221F36DB1E9835710036F3C1 /* Accelerate.framework */ = {isa = PBXFileReference; lastKnownFileType = wrapper.framework; name = Accelerate.framework; path = System/Library/Frameworks/Accelerate.framework; sourceTree = SDKROOT; };
		221F36E31E984F1D0036F3C1 /* GPUImage.framework */ = {isa = PBXFileReference; lastKnownFileType = wrapper.framework; path = GPUImage.framework; sourceTree = "<group>"; };
		221F36EB1E986B960036F3C1 /* QuartzCore.framework */ = {isa = PBXFileReference; lastKnownFileType = wrapper.framework; name = QuartzCore.framework; path = System/Library/Frameworks/QuartzCore.framework; sourceTree = SDKROOT; };
		221F36ED1E98934C0036F3C1 /* OpenGLES.framework */ = {isa = PBXFileReference; lastKnownFileType = wrapper.framework; name = OpenGLES.framework; path = System/Library/Frameworks/OpenGLES.framework; sourceTree = SDKROOT; };
		221F36EF1E991DE80036F3C1 /* image_test_1card.jpg */ = {isa = PBXFileReference; lastKnownFileType = image.jpeg; path = image_test_1card.jpg; sourceTree = "<group>"; };
		221F36F01E991DE80036F3C1 /* image_test_3cards.jpg */ = {isa = PBXFileReference; lastKnownFileType = image.jpeg; path = image_test_3cards.jpg; sourceTree = "<group>"; };
		221F36F11E991DE80036F3C1 /* image_test_many.jpg */ = {isa = PBXFileReference; lastKnownFileType = image.jpeg; path = image_test_many.jpg; sourceTree = "<group>"; };
		221F36F51E991F440036F3C1 /* image_test_3cards_dark.jpg */ = {isa = PBXFileReference; lastKnownFileType = image.jpeg; path = image_test_3cards_dark.jpg; sourceTree = "<group>"; };
		221F37751E9949110036F3C1 /* HSV_filter.fsh */ = {isa = PBXFileReference; fileEncoding = 4; lastKnownFileType = sourcecode.glsl; path = HSV_filter.fsh; sourceTree = "<group>"; };
		223AAD661EAA451000C20EB9 /* image_test_4cards.jpg */ = {isa = PBXFileReference; lastKnownFileType = image.jpeg; path = image_test_4cards.jpg; sourceTree = "<group>"; };
		223AAD681EAA97F700C20EB9 /* cardTracking.cpp */ = {isa = PBXFileReference; fileEncoding = 4; lastKnownFileType = sourcecode.cpp.cpp; path = cardTracking.cpp; sourceTree = "<group>"; };
		223AAD691EAA97F700C20EB9 /* cardTracking.h */ = {isa = PBXFileReference; fileEncoding = 4; lastKnownFileType = sourcecode.c.h; path = cardTracking.h; sourceTree = "<group>"; };
		22791DE11E9AB08B0004EF97 /* AssetsLibrary.framework */ = {isa = PBXFileReference; lastKnownFileType = wrapper.framework; name = AssetsLibrary.framework; path = System/Library/Frameworks/AssetsLibrary.framework; sourceTree = SDKROOT; };
		22A236691EA5BEE3002CEB16 /* 3cards_half.jpg */ = {isa = PBXFileReference; lastKnownFileType = image.jpeg; path = 3cards_half.jpg; sourceTree = "<group>"; };
		22A2366A1EA5BEE3002CEB16 /* 3cards_with_hand.jpg */ = {isa = PBXFileReference; lastKnownFileType = image.jpeg; path = 3cards_with_hand.jpg; sourceTree = "<group>"; };
		22AF55581EA07B0800545402 /* armadillo */ = {isa = PBXFileReference; fileEncoding = 4; lastKnownFileType = text; path = armadillo; sourceTree = "<group>"; };
		22AF55591EA07B0800545402 /* armadillo_bits */ = {isa = PBXFileReference; lastKnownFileType = folder; path = armadillo_bits; sourceTree = "<group>"; };
		22AF555C1EA0800100545402 /* CoreMedia.framework */ = {isa = PBXFileReference; lastKnownFileType = wrapper.framework; name = CoreMedia.framework; path = System/Library/Frameworks/CoreMedia.framework; sourceTree = SDKROOT; };
		22AF555E1EA111E100545402 /* cardRecognition.cpp */ = {isa = PBXFileReference; fileEncoding = 4; lastKnownFileType = sourcecode.cpp.cpp; path = cardRecognition.cpp; sourceTree = "<group>"; };
		22AF555F1EA111E100545402 /* cardRecognition.h */ = {isa = PBXFileReference; fileEncoding = 4; lastKnownFileType = sourcecode.c.h; path = cardRecognition.h; sourceTree = "<group>"; };
/* End PBXFileReference section */

/* Begin PBXFrameworksBuildPhase section */
		221F369D1E9834500036F3C1 /* Frameworks */ = {
			isa = PBXFrameworksBuildPhase;
			buildActionMask = 2147483647;
			files = (
				22AF555D1EA0800100545402 /* CoreMedia.framework in Frameworks */,
				22791DE21E9AB08B0004EF97 /* AssetsLibrary.framework in Frameworks */,
				221F36EE1E98934D0036F3C1 /* OpenGLES.framework in Frameworks */,
				221F36EC1E986B960036F3C1 /* QuartzCore.framework in Frameworks */,
				221F36E41E984F1D0036F3C1 /* GPUImage.framework in Frameworks */,
				221F36DC1E9835710036F3C1 /* Accelerate.framework in Frameworks */,
				221F36DA1E9835650036F3C1 /* opencv2.framework in Frameworks */,
				221F36D81E9835220036F3C1 /* AVFoundation.framework in Frameworks */,
			);
			runOnlyForDeploymentPostprocessing = 0;
		};
		221F36B61E9834500036F3C1 /* Frameworks */ = {
			isa = PBXFrameworksBuildPhase;
			buildActionMask = 2147483647;
			files = (
			);
			runOnlyForDeploymentPostprocessing = 0;
		};
		221F36C11E9834500036F3C1 /* Frameworks */ = {
			isa = PBXFrameworksBuildPhase;
			buildActionMask = 2147483647;
			files = (
			);
			runOnlyForDeploymentPostprocessing = 0;
		};
/* End PBXFrameworksBuildPhase section */

/* Begin PBXGroup section */
		221F36971E9834500036F3C1 = {
			isa = PBXGroup;
			children = (
				221F36A21E9834500036F3C1 /* Virtual_Tumbler */,
				221F36BC1E9834500036F3C1 /* Virtual_TumblerTests */,
				221F36C71E9834500036F3C1 /* Virtual_TumblerUITests */,
				221F36A11E9834500036F3C1 /* Products */,
				221F36D61E9835210036F3C1 /* Frameworks */,
			);
			sourceTree = "<group>";
		};
		221F36A11E9834500036F3C1 /* Products */ = {
			isa = PBXGroup;
			children = (
				221F36A01E9834500036F3C1 /* Virtual_Tumbler.app */,
				221F36B91E9834500036F3C1 /* Virtual_TumblerTests.xctest */,
				221F36C41E9834500036F3C1 /* Virtual_TumblerUITests.xctest */,
			);
			name = Products;
			sourceTree = "<group>";
		};
		221F36A21E9834500036F3C1 /* Virtual_Tumbler */ = {
			isa = PBXGroup;
			children = (
				223AAD681EAA97F700C20EB9 /* cardTracking.cpp */,
				223AAD691EAA97F700C20EB9 /* cardTracking.h */,
				22AF555E1EA111E100545402 /* cardRecognition.cpp */,
				22AF555F1EA111E100545402 /* cardRecognition.h */,
				22AF55581EA07B0800545402 /* armadillo */,
				22AF55591EA07B0800545402 /* armadillo_bits */,
				221F36A61E9834500036F3C1 /* AppDelegate.h */,
				221F36A71E9834500036F3C1 /* AppDelegate.m */,
				221F36A91E9834500036F3C1 /* ViewController.h */,
				221F36AA1E9834500036F3C1 /* ViewController.mm */,
				221F36AC1E9834500036F3C1 /* Main.storyboard */,
				221F36AF1E9834500036F3C1 /* Assets.xcassets */,
				221F36B11E9834500036F3C1 /* LaunchScreen.storyboard */,
				221F36B41E9834500036F3C1 /* Info.plist */,
				221F36A31E9834500036F3C1 /* Supporting Files */,
			);
			path = Virtual_Tumbler;
			sourceTree = "<group>";
		};
		221F36A31E9834500036F3C1 /* Supporting Files */ = {
			isa = PBXGroup;
			children = (
				223AAD661EAA451000C20EB9 /* image_test_4cards.jpg */,
				22A236691EA5BEE3002CEB16 /* 3cards_half.jpg */,
				22A2366A1EA5BEE3002CEB16 /* 3cards_with_hand.jpg */,
				221F37751E9949110036F3C1 /* HSV_filter.fsh */,
				221F36F51E991F440036F3C1 /* image_test_3cards_dark.jpg */,
				221F36EF1E991DE80036F3C1 /* image_test_1card.jpg */,
				221F36F01E991DE80036F3C1 /* image_test_3cards.jpg */,
				221F36F11E991DE80036F3C1 /* image_test_many.jpg */,
				221F36A41E9834500036F3C1 /* main.m */,
			);
			name = "Supporting Files";
			sourceTree = "<group>";
		};
		221F36BC1E9834500036F3C1 /* Virtual_TumblerTests */ = {
			isa = PBXGroup;
			children = (
				221F36BD1E9834500036F3C1 /* Virtual_TumblerTests.m */,
				221F36BF1E9834500036F3C1 /* Info.plist */,
			);
			path = Virtual_TumblerTests;
			sourceTree = "<group>";
		};
		221F36C71E9834500036F3C1 /* Virtual_TumblerUITests */ = {
			isa = PBXGroup;
			children = (
				221F36C81E9834500036F3C1 /* Virtual_TumblerUITests.m */,
				221F36CA1E9834500036F3C1 /* Info.plist */,
			);
			path = Virtual_TumblerUITests;
			sourceTree = "<group>";
		};
		221F36D61E9835210036F3C1 /* Frameworks */ = {
			isa = PBXGroup;
			children = (
				22AF555C1EA0800100545402 /* CoreMedia.framework */,
				22791DE11E9AB08B0004EF97 /* AssetsLibrary.framework */,
				221F36ED1E98934C0036F3C1 /* OpenGLES.framework */,
				221F36EB1E986B960036F3C1 /* QuartzCore.framework */,
				221F36E31E984F1D0036F3C1 /* GPUImage.framework */,
				221F36DB1E9835710036F3C1 /* Accelerate.framework */,
				221F36D91E9835650036F3C1 /* opencv2.framework */,
				221F36D71E9835220036F3C1 /* AVFoundation.framework */,
			);
			name = Frameworks;
			sourceTree = "<group>";
		};
/* End PBXGroup section */

/* Begin PBXNativeTarget section */
		221F369F1E9834500036F3C1 /* Virtual_Tumbler */ = {
			isa = PBXNativeTarget;
			buildConfigurationList = 221F36CD1E9834500036F3C1 /* Build configuration list for PBXNativeTarget "Virtual_Tumbler" */;
			buildPhases = (
				221F369C1E9834500036F3C1 /* Sources */,
				221F369D1E9834500036F3C1 /* Frameworks */,
				221F369E1E9834500036F3C1 /* Resources */,
			);
			buildRules = (
			);
			dependencies = (
			);
			name = Virtual_Tumbler;
			productName = Virtual_Tumbler;
			productReference = 221F36A01E9834500036F3C1 /* Virtual_Tumbler.app */;
			productType = "com.apple.product-type.application";
		};
		221F36B81E9834500036F3C1 /* Virtual_TumblerTests */ = {
			isa = PBXNativeTarget;
			buildConfigurationList = 221F36D01E9834500036F3C1 /* Build configuration list for PBXNativeTarget "Virtual_TumblerTests" */;
			buildPhases = (
				221F36B51E9834500036F3C1 /* Sources */,
				221F36B61E9834500036F3C1 /* Frameworks */,
				221F36B71E9834500036F3C1 /* Resources */,
			);
			buildRules = (
			);
			dependencies = (
				221F36BB1E9834500036F3C1 /* PBXTargetDependency */,
			);
			name = Virtual_TumblerTests;
			productName = Virtual_TumblerTests;
			productReference = 221F36B91E9834500036F3C1 /* Virtual_TumblerTests.xctest */;
			productType = "com.apple.product-type.bundle.unit-test";
		};
		221F36C31E9834500036F3C1 /* Virtual_TumblerUITests */ = {
			isa = PBXNativeTarget;
			buildConfigurationList = 221F36D31E9834500036F3C1 /* Build configuration list for PBXNativeTarget "Virtual_TumblerUITests" */;
			buildPhases = (
				221F36C01E9834500036F3C1 /* Sources */,
				221F36C11E9834500036F3C1 /* Frameworks */,
				221F36C21E9834500036F3C1 /* Resources */,
			);
			buildRules = (
			);
			dependencies = (
				221F36C61E9834500036F3C1 /* PBXTargetDependency */,
			);
			name = Virtual_TumblerUITests;
			productName = Virtual_TumblerUITests;
			productReference = 221F36C41E9834500036F3C1 /* Virtual_TumblerUITests.xctest */;
			productType = "com.apple.product-type.bundle.ui-testing";
		};
/* End PBXNativeTarget section */

/* Begin PBXProject section */
		221F36981E9834500036F3C1 /* Project object */ = {
			isa = PBXProject;
			attributes = {
				LastUpgradeCheck = 0830;
				ORGANIZATIONNAME = Sam;
				TargetAttributes = {
					221F369F1E9834500036F3C1 = {
						CreatedOnToolsVersion = 8.3;
						DevelopmentTeam = ESW787E92M;
						ProvisioningStyle = Automatic;
					};
					221F36B81E9834500036F3C1 = {
						CreatedOnToolsVersion = 8.3;
						DevelopmentTeam = ESW787E92M;
						ProvisioningStyle = Automatic;
						TestTargetID = 221F369F1E9834500036F3C1;
					};
					221F36C31E9834500036F3C1 = {
						CreatedOnToolsVersion = 8.3;
						DevelopmentTeam = ESW787E92M;
						ProvisioningStyle = Automatic;
						TestTargetID = 221F369F1E9834500036F3C1;
					};
				};
			};
			buildConfigurationList = 221F369B1E9834500036F3C1 /* Build configuration list for PBXProject "Virtual_Tumbler" */;
			compatibilityVersion = "Xcode 3.2";
			developmentRegion = English;
			hasScannedForEncodings = 0;
			knownRegions = (
				en,
				Base,
			);
			mainGroup = 221F36971E9834500036F3C1;
			productRefGroup = 221F36A11E9834500036F3C1 /* Products */;
			projectDirPath = "";
			projectRoot = "";
			targets = (
				221F369F1E9834500036F3C1 /* Virtual_Tumbler */,
				221F36B81E9834500036F3C1 /* Virtual_TumblerTests */,
				221F36C31E9834500036F3C1 /* Virtual_TumblerUITests */,
			);
		};
/* End PBXProject section */

/* Begin PBXResourcesBuildPhase section */
		221F369E1E9834500036F3C1 /* Resources */ = {
			isa = PBXResourcesBuildPhase;
			buildActionMask = 2147483647;
			files = (
				221F36B31E9834500036F3C1 /* LaunchScreen.storyboard in Resources */,
				221F36B01E9834500036F3C1 /* Assets.xcassets in Resources */,
				221F36F31E991DE80036F3C1 /* image_test_3cards.jpg in Resources */,
				22A2366B1EA5BEE3002CEB16 /* 3cards_half.jpg in Resources */,
				22A2366C1EA5BEE3002CEB16 /* 3cards_with_hand.jpg in Resources */,
				221F37761E9949110036F3C1 /* HSV_filter.fsh in Resources */,
				22AF555A1EA07B0800545402 /* armadillo in Resources */,
				221F36AE1E9834500036F3C1 /* Main.storyboard in Resources */,
				22AF555B1EA07B0800545402 /* armadillo_bits in Resources */,
				223AAD671EAA451000C20EB9 /* image_test_4cards.jpg in Resources */,
				221F36F41E991DE80036F3C1 /* image_test_many.jpg in Resources */,
				221F36F21E991DE80036F3C1 /* image_test_1card.jpg in Resources */,
				221F36F61E991F440036F3C1 /* image_test_3cards_dark.jpg in Resources */,
			);
			runOnlyForDeploymentPostprocessing = 0;
		};
		221F36B71E9834500036F3C1 /* Resources */ = {
			isa = PBXResourcesBuildPhase;
			buildActionMask = 2147483647;
			files = (
			);
			runOnlyForDeploymentPostprocessing = 0;
		};
		221F36C21E9834500036F3C1 /* Resources */ = {
			isa = PBXResourcesBuildPhase;
			buildActionMask = 2147483647;
			files = (
			);
			runOnlyForDeploymentPostprocessing = 0;
		};
/* End PBXResourcesBuildPhase section */

/* Begin PBXSourcesBuildPhase section */
		221F369C1E9834500036F3C1 /* Sources */ = {
			isa = PBXSourcesBuildPhase;
			buildActionMask = 2147483647;
			files = (
				223AAD6A1EAA97F700C20EB9 /* cardTracking.cpp in Sources */,
				221F36AB1E9834500036F3C1 /* ViewController.mm in Sources */,
				221F36A81E9834500036F3C1 /* AppDelegate.m in Sources */,
				221F36A51E9834500036F3C1 /* main.m in Sources */,
				22AF55601EA111E100545402 /* cardRecognition.cpp in Sources */,
			);
			runOnlyForDeploymentPostprocessing = 0;
		};
		221F36B51E9834500036F3C1 /* Sources */ = {
			isa = PBXSourcesBuildPhase;
			buildActionMask = 2147483647;
			files = (
				221F36BE1E9834500036F3C1 /* Virtual_TumblerTests.m in Sources */,
			);
			runOnlyForDeploymentPostprocessing = 0;
		};
		221F36C01E9834500036F3C1 /* Sources */ = {
			isa = PBXSourcesBuildPhase;
			buildActionMask = 2147483647;
			files = (
				221F36C91E9834500036F3C1 /* Virtual_TumblerUITests.m in Sources */,
			);
			runOnlyForDeploymentPostprocessing = 0;
		};
/* End PBXSourcesBuildPhase section */

/* Begin PBXTargetDependency section */
		221F36BB1E9834500036F3C1 /* PBXTargetDependency */ = {
			isa = PBXTargetDependency;
			target = 221F369F1E9834500036F3C1 /* Virtual_Tumbler */;
			targetProxy = 221F36BA1E9834500036F3C1 /* PBXContainerItemProxy */;
		};
		221F36C61E9834500036F3C1 /* PBXTargetDependency */ = {
			isa = PBXTargetDependency;
			target = 221F369F1E9834500036F3C1 /* Virtual_Tumbler */;
			targetProxy = 221F36C51E9834500036F3C1 /* PBXContainerItemProxy */;
		};
/* End PBXTargetDependency section */

/* Begin PBXVariantGroup section */
		221F36AC1E9834500036F3C1 /* Main.storyboard */ = {
			isa = PBXVariantGroup;
			children = (
				221F36AD1E9834500036F3C1 /* Base */,
			);
			name = Main.storyboard;
			sourceTree = "<group>";
		};
		221F36B11E9834500036F3C1 /* LaunchScreen.storyboard */ = {
			isa = PBXVariantGroup;
			children = (
				221F36B21E9834500036F3C1 /* Base */,
			);
			name = LaunchScreen.storyboard;
			sourceTree = "<group>";
		};
/* End PBXVariantGroup section */

/* Begin XCBuildConfiguration section */
		221F36CB1E9834500036F3C1 /* Debug */ = {
			isa = XCBuildConfiguration;
			buildSettings = {
				ALWAYS_SEARCH_USER_PATHS = NO;
				CLANG_ANALYZER_NONNULL = YES;
				CLANG_ANALYZER_NUMBER_OBJECT_CONVERSION = YES_AGGRESSIVE;
				CLANG_CXX_LANGUAGE_STANDARD = "gnu++0x";
				CLANG_CXX_LIBRARY = "libc++";
				CLANG_ENABLE_MODULES = YES;
				CLANG_ENABLE_OBJC_ARC = YES;
				CLANG_WARN_BOOL_CONVERSION = YES;
				CLANG_WARN_CONSTANT_CONVERSION = YES;
				CLANG_WARN_DIRECT_OBJC_ISA_USAGE = YES_ERROR;
				CLANG_WARN_DOCUMENTATION_COMMENTS = YES;
				CLANG_WARN_EMPTY_BODY = YES;
				CLANG_WARN_ENUM_CONVERSION = YES;
				CLANG_WARN_INFINITE_RECURSION = YES;
				CLANG_WARN_INT_CONVERSION = YES;
				CLANG_WARN_OBJC_ROOT_CLASS = YES_ERROR;
				CLANG_WARN_SUSPICIOUS_MOVE = YES;
				CLANG_WARN_UNREACHABLE_CODE = YES;
				CLANG_WARN__DUPLICATE_METHOD_MATCH = YES;
				"CODE_SIGN_IDENTITY[sdk=iphoneos*]" = "iPhone Developer";
				COPY_PHASE_STRIP = NO;
				DEBUG_INFORMATION_FORMAT = dwarf;
				ENABLE_STRICT_OBJC_MSGSEND = YES;
				ENABLE_TESTABILITY = YES;
				GCC_C_LANGUAGE_STANDARD = gnu99;
				GCC_DYNAMIC_NO_PIC = NO;
				GCC_NO_COMMON_BLOCKS = YES;
				GCC_OPTIMIZATION_LEVEL = 0;
				GCC_PREPROCESSOR_DEFINITIONS = (
					"DEBUG=1",
					"$(inherited)",
				);
				GCC_WARN_64_TO_32_BIT_CONVERSION = YES;
				GCC_WARN_ABOUT_RETURN_TYPE = YES_ERROR;
				GCC_WARN_UNDECLARED_SELECTOR = YES;
				GCC_WARN_UNINITIALIZED_AUTOS = YES_AGGRESSIVE;
				GCC_WARN_UNUSED_FUNCTION = YES;
				GCC_WARN_UNUSED_VARIABLE = YES;
				IPHONEOS_DEPLOYMENT_TARGET = 10.3;
				MTL_ENABLE_DEBUG_INFO = YES;
				ONLY_ACTIVE_ARCH = YES;
				SDKROOT = iphoneos;
				TARGETED_DEVICE_FAMILY = 2;
			};
			name = Debug;
		};
		221F36CC1E9834500036F3C1 /* Release */ = {
			isa = XCBuildConfiguration;
			buildSettings = {
				ALWAYS_SEARCH_USER_PATHS = NO;
				CLANG_ANALYZER_NONNULL = YES;
				CLANG_ANALYZER_NUMBER_OBJECT_CONVERSION = YES_AGGRESSIVE;
				CLANG_CXX_LANGUAGE_STANDARD = "gnu++0x";
				CLANG_CXX_LIBRARY = "libc++";
				CLANG_ENABLE_MODULES = YES;
				CLANG_ENABLE_OBJC_ARC = YES;
				CLANG_WARN_BOOL_CONVERSION = YES;
				CLANG_WARN_CONSTANT_CONVERSION = YES;
				CLANG_WARN_DIRECT_OBJC_ISA_USAGE = YES_ERROR;
				CLANG_WARN_DOCUMENTATION_COMMENTS = YES;
				CLANG_WARN_EMPTY_BODY = YES;
				CLANG_WARN_ENUM_CONVERSION = YES;
				CLANG_WARN_INFINITE_RECURSION = YES;
				CLANG_WARN_INT_CONVERSION = YES;
				CLANG_WARN_OBJC_ROOT_CLASS = YES_ERROR;
				CLANG_WARN_SUSPICIOUS_MOVE = YES;
				CLANG_WARN_UNREACHABLE_CODE = YES;
				CLANG_WARN__DUPLICATE_METHOD_MATCH = YES;
				"CODE_SIGN_IDENTITY[sdk=iphoneos*]" = "iPhone Developer";
				COPY_PHASE_STRIP = NO;
				DEBUG_INFORMATION_FORMAT = "dwarf-with-dsym";
				ENABLE_NS_ASSERTIONS = NO;
				ENABLE_STRICT_OBJC_MSGSEND = YES;
				GCC_C_LANGUAGE_STANDARD = gnu99;
				GCC_NO_COMMON_BLOCKS = YES;
				GCC_WARN_64_TO_32_BIT_CONVERSION = YES;
				GCC_WARN_ABOUT_RETURN_TYPE = YES_ERROR;
				GCC_WARN_UNDECLARED_SELECTOR = YES;
				GCC_WARN_UNINITIALIZED_AUTOS = YES_AGGRESSIVE;
				GCC_WARN_UNUSED_FUNCTION = YES;
				GCC_WARN_UNUSED_VARIABLE = YES;
				IPHONEOS_DEPLOYMENT_TARGET = 10.3;
				MTL_ENABLE_DEBUG_INFO = NO;
				SDKROOT = iphoneos;
				TARGETED_DEVICE_FAMILY = 2;
				VALIDATE_PRODUCT = YES;
			};
			name = Release;
		};
		221F36CE1E9834500036F3C1 /* Debug */ = {
			isa = XCBuildConfiguration;
			buildSettings = {
				ASSETCATALOG_COMPILER_APPICON_NAME = AppIcon;
				DEVELOPMENT_TEAM = ESW787E92M;
				ENABLE_BITCODE = NO;
				FRAMEWORK_SEARCH_PATHS = (
					"$(inherited)",
					"$(PROJECT_DIR)",
				);
				INFOPLIST_FILE = Virtual_Tumbler/Info.plist;
				LD_RUNPATH_SEARCH_PATHS = "$(inherited) @executable_path/Frameworks";
				PRODUCT_BUNDLE_IDENTIFIER = "com.google.Virtual-Tumbler";
				PRODUCT_NAME = "$(TARGET_NAME)";
			};
			name = Debug;
		};
		221F36CF1E9834500036F3C1 /* Release */ = {
			isa = XCBuildConfiguration;
			buildSettings = {
				ASSETCATALOG_COMPILER_APPICON_NAME = AppIcon;
				DEVELOPMENT_TEAM = ESW787E92M;
				ENABLE_BITCODE = NO;
				FRAMEWORK_SEARCH_PATHS = (
					"$(inherited)",
					"$(PROJECT_DIR)",
				);
				INFOPLIST_FILE = Virtual_Tumbler/Info.plist;
				LD_RUNPATH_SEARCH_PATHS = "$(inherited) @executable_path/Frameworks";
				PRODUCT_BUNDLE_IDENTIFIER = "com.google.Virtual-Tumbler";
				PRODUCT_NAME = "$(TARGET_NAME)";
			};
			name = Release;
		};
		221F36D11E9834500036F3C1 /* Debug */ = {
			isa = XCBuildConfiguration;
			buildSettings = {
				BUNDLE_LOADER = "$(TEST_HOST)";
				DEVELOPMENT_TEAM = ESW787E92M;
				INFOPLIST_FILE = Virtual_TumblerTests/Info.plist;
				LD_RUNPATH_SEARCH_PATHS = "$(inherited) @executable_path/Frameworks @loader_path/Frameworks";
				PRODUCT_BUNDLE_IDENTIFIER = "com.google.Virtual-TumblerTests";
				PRODUCT_NAME = "$(TARGET_NAME)";
				TEST_HOST = "$(BUILT_PRODUCTS_DIR)/Virtual_Tumbler.app/Virtual_Tumbler";
			};
			name = Debug;
		};
		221F36D21E9834500036F3C1 /* Release */ = {
			isa = XCBuildConfiguration;
			buildSettings = {
				BUNDLE_LOADER = "$(TEST_HOST)";
				DEVELOPMENT_TEAM = ESW787E92M;
				INFOPLIST_FILE = Virtual_TumblerTests/Info.plist;
				LD_RUNPATH_SEARCH_PATHS = "$(inherited) @executable_path/Frameworks @loader_path/Frameworks";
				PRODUCT_BUNDLE_IDENTIFIER = "com.google.Virtual-TumblerTests";
				PRODUCT_NAME = "$(TARGET_NAME)";
				TEST_HOST = "$(BUILT_PRODUCTS_DIR)/Virtual_Tumbler.app/Virtual_Tumbler";
			};
			name = Release;
		};
		221F36D41E9834500036F3C1 /* Debug */ = {
			isa = XCBuildConfiguration;
			buildSettings = {
				DEVELOPMENT_TEAM = ESW787E92M;
				INFOPLIST_FILE = Virtual_TumblerUITests/Info.plist;
				LD_RUNPATH_SEARCH_PATHS = "$(inherited) @executable_path/Frameworks @loader_path/Frameworks";
				PRODUCT_BUNDLE_IDENTIFIER = "com.google.Virtual-TumblerUITests";
				PRODUCT_NAME = "$(TARGET_NAME)";
				TEST_TARGET_NAME = Virtual_Tumbler;
			};
			name = Debug;
		};
		221F36D51E9834500036F3C1 /* Release */ = {
			isa = XCBuildConfiguration;
			buildSettings = {
				DEVELOPMENT_TEAM = ESW787E92M;
				INFOPLIST_FILE = Virtual_TumblerUITests/Info.plist;
				LD_RUNPATH_SEARCH_PATHS = "$(inherited) @executable_path/Frameworks @loader_path/Frameworks";
				PRODUCT_BUNDLE_IDENTIFIER = "com.google.Virtual-TumblerUITests";
				PRODUCT_NAME = "$(TARGET_NAME)";
				TEST_TARGET_NAME = Virtual_Tumbler;
			};
			name = Release;
		};
/* End XCBuildConfiguration section */

/* Begin XCConfigurationList section */
		221F369B1E9834500036F3C1 /* Build configuration list for PBXProject "Virtual_Tumbler" */ = {
			isa = XCConfigurationList;
			buildConfigurations = (
				221F36CB1E9834500036F3C1 /* Debug */,
				221F36CC1E9834500036F3C1 /* Release */,
			);
			defaultConfigurationIsVisible = 0;
			defaultConfigurationName = Release;
		};
		221F36CD1E9834500036F3C1 /* Build configuration list for PBXNativeTarget "Virtual_Tumbler" */ = {
			isa = XCConfigurationList;
			buildConfigurations = (
				221F36CE1E9834500036F3C1 /* Debug */,
				221F36CF1E9834500036F3C1 /* Release */,
			);
			defaultConfigurationIsVisible = 0;
			defaultConfigurationName = Release;
		};
		221F36D01E9834500036F3C1 /* Build configuration list for PBXNativeTarget "Virtual_TumblerTests" */ = {
			isa = XCConfigurationList;
			buildConfigurations = (
				221F36D11E9834500036F3C1 /* Debug */,
				221F36D21E9834500036F3C1 /* Release */,
			);
			defaultConfigurationIsVisible = 0;
			defaultConfigurationName = Release;
		};
		221F36D31E9834500036F3C1 /* Build configuration list for PBXNativeTarget "Virtual_TumblerUITests" */ = {
			isa = XCConfigurationList;
			buildConfigurations = (
				221F36D41E9834500036F3C1 /* Debug */,
				221F36D51E9834500036F3C1 /* Release */,
			);
			defaultConfigurationIsVisible = 0;
			defaultConfigurationName = Release;
		};
/* End XCConfigurationList section */
	};
	rootObject = 221F36981E9834500036F3C1 /* Project object */;
}
